# THIS IS AN AUTOGENERATED FILE. DO NOT EDIT THIS FILE DIRECTLY.
# yarn lockfile v1


array-parallel@~0.1.3:
  version "0.1.3"
  resolved "https://registry.npm.taobao.org/array-parallel/download/array-parallel-0.1.3.tgz#8f785308926ed5aa478c47e64d1b334b6c0c947d"
  integrity sha1-j3hTCJJu1apHjEfmTRszS2wMlH0=

array-series@~0.1.5:
  version "0.1.5"
  resolved "https://registry.npm.taobao.org/array-series/download/array-series-0.1.5.tgz#df5d37bfc5c2ef0755e2aa4f92feae7d4b5a972f"
  integrity sha1-3103v8XC7wdV4qpPkv6ufUtaly8=

bmp-js@^0.1.0:
  version "0.1.0"
  resolved "https://registry.npm.taobao.org/bmp-js/download/bmp-js-0.1.0.tgz#e05a63f796a6c1ff25f4771ec7adadc148c07233"
  integrity sha1-4Fpj95amwf8l9Hcex62twUjAcjM=

cross-spawn@^4.0.0:
  version "4.0.2"
  resolved "https://registry.npm.taobao.org/cross-spawn/download/cross-spawn-4.0.2.tgz?cache=0&sync_timestamp=1570440024132&other_urls=https%3A%2F%2Fregistry.npm.taobao.org%2Fcross-spawn%2Fdownload%2Fcross-spawn-4.0.2.tgz#7b9247621c23adfdd3856004a823cbe397424d41"
  integrity sha1-e5JHYhwjrf3ThWAEqCPL45dCTUE=
  dependencies:
    lru-cache "^4.0.1"
    which "^1.2.9"

debug@^3.1.0:
  version "3.2.6"
  resolved "https://registry.npm.taobao.org/debug/download/debug-3.2.6.tgz#e83d17de16d8a7efb7717edbe5fb10135eee629b"
  integrity sha1-6D0X3hbYp++3cX7b5fsQE17uYps=
  dependencies:
    ms "^2.1.1"

file-type@^12.4.1:
  version "12.4.2"
  resolved "https://registry.npm.taobao.org/file-type/download/file-type-12.4.2.tgz#a344ea5664a1d01447ee7fb1b635f72feb6169d9"
  integrity sha1-o0TqVmSh0BRH7n+xtjX3L+thadk=

gm@^1.23.1:
  version "1.23.1"
  resolved "https://registry.npm.taobao.org/gm/download/gm-1.23.1.tgz#2edeeb958084d0f8ea7988e5d995b1c7dfc14777"
  integrity sha1-Lt7rlYCE0PjqeYjl2ZWxx9/BR3c=
  dependencies:
    array-parallel "~0.1.3"
    array-series "~0.1.5"
    cross-spawn "^4.0.0"
    debug "^3.1.0"

idb-keyval@^3.2.0:
  version "3.2.0"
  resolved "https://registry.npm.taobao.org/idb-keyval/download/idb-keyval-3.2.0.tgz#cbbf354deb5684b6cdc84376294fc05932845bd6"
  integrity sha1-y781TetWhLbNyEN2KU/AWTKEW9Y=

is-electron@^2.2.0:
  version "2.2.0"
  resolved "https://registry.npm.taobao.org/is-electron/download/is-electron-2.2.0.tgz#8943084f09e8b731b3a7a0298a7b5d56f6b7eef0"
  integrity sha1-iUMITwnotzGzp6ApintdVva37vA=

is-url@^1.2.4:
  version "1.2.4"
  resolved "https://registry.npm.taobao.org/is-url/download/is-url-1.2.4.tgz#04a4df46d28c4cff3d73d01ff06abeb318a1aa52"
  integrity sha1-BKTfRtKMTP89c9Af8Gq+sxihqlI=

isexe@^2.0.0:
  version "2.0.0"
  resolved "https://registry.npm.taobao.org/isexe/download/isexe-2.0.0.tgz#e8fbf374dc556ff8947a10dcb0572d633f2cfa10"
  integrity sha1-6PvzdNxVb/iUehDcsFctYz8s+hA=

lru-cache@^4.0.1:
  version "4.1.5"
  resolved "https://registry.npm.taobao.org/lru-cache/download/lru-cache-4.1.5.tgz#8bbe50ea85bed59bc9e33dcab8235ee9bcf443cd"
  integrity sha1-i75Q6oW+1ZvJ4z3KuCNe6bz0Q80=
  dependencies:
    pseudomap "^1.0.2"
    yallist "^2.1.2"

ms@^2.1.1:
  version "2.1.2"
  resolved "https://registry.npm.taobao.org/ms/download/ms-2.1.2.tgz#d09d1f357b443f493382a8eb3ccd183872ae6009"
  integrity sha1-0J0fNXtEP0kzgqjrPM0YOHKuYAk=

node-fetch@^2.6.0:
  version "2.6.0"
  resolved "https://registry.npm.taobao.org/node-fetch/download/node-fetch-2.6.0.tgz?cache=0&other_urls=https%3A%2F%2Fregistry.npm.taobao.org%2Fnode-fetch%2Fdownload%2Fnode-fetch-2.6.0.tgz#e633456386d4aa55863f676a7ab0daa8fdecb0fd"
  integrity sha1-5jNFY4bUqlWGP2dqerDaqP3ssP0=

opencollective-postinstall@^2.0.2:
  version "2.0.2"
  resolved "https://registry.npm.taobao.org/opencollective-postinstall/download/opencollective-postinstall-2.0.2.tgz#5657f1bede69b6e33a45939b061eb53d3c6c3a89"
  integrity sha1-Vlfxvt5ptuM6RZObBh61PTxsOok=

pseudomap@^1.0.2:
  version "1.0.2"
  resolved "https://registry.npm.taobao.org/pseudomap/download/pseudomap-1.0.2.tgz#f052a28da70e618917ef0a8ac34c1ae5a68286b3"
  integrity sha1-8FKijacOYYkX7wqKw0wa5aaChrM=

regenerator-runtime@^0.13.3:
  version "0.13.3"
  resolved "https://registry.npm.taobao.org/regenerator-runtime/download/regenerator-runtime-0.13.3.tgz#7cf6a77d8f5c6f60eb73c5fc1955b2ceb01e6bf5"
  integrity sha1-fPanfY9cb2Drc8X8GVWyzrAea/U=

resolve-url@^0.2.1:
  version "0.2.1"
  resolved "https://registry.npm.taobao.org/resolve-url/download/resolve-url-0.2.1.tgz#2c637fe77c893afd2a663fe21aa9080068e2052a"
  integrity sha1-LGN/53yJOv0qZj/iGqkIAGjiBSo=

tesseract.js-core@^2.0.0:
  version "2.0.0"
  resolved "https://registry.npm.taobao.org/tesseract.js-core/download/tesseract.js-core-2.0.0.tgz#1d4073ab4d0234d4c231de06ddd8c55043ac2b1a"
  integrity sha1-HUBzq00CNNTCMd4G3djFUEOsKxo=

tesseract.js@^2.0.2:
  version "2.0.2"
  resolved "https://registry.npm.taobao.org/tesseract.js/download/tesseract.js-2.0.2.tgz#c415472198e0ba2910a6871a137e99bbd32ff34f"
  integrity sha1-xBVHIZjguikQpocaE36Zu9Mv808=
  dependencies:
    bmp-js "^0.1.0"
    file-type "^12.4.1"
    idb-keyval "^3.2.0"
    is-electron "^2.2.0"
    is-url "^1.2.4"
    node-fetch "^2.6.0"
    opencollective-postinstall "^2.0.2"
    regenerator-runtime "^0.13.3"
    resolve-url "^0.2.1"
    tesseract.js-core "^2.0.0"
    zlibjs "^0.3.1"

which@^1.2.9:
  version "1.3.1"
  resolved "https://registry.npm.taobao.org/which/download/which-1.3.1.tgz?cache=0&other_urls=https%3A%2F%2Fregistry.npm.taobao.org%2Fwhich%2Fdownload%2Fwhich-1.3.1.tgz#a45043d54f5805316da8d62f9f50918d3da70b0a"
  integrity sha1-pFBD1U9YBTFtqNYvn1CRjT2nCwo=
  dependencies:
    isexe "^2.0.0"

yallist@^2.1.2:
  version "2.1.2"
  resolved "https://registry.npm.taobao.org/yallist/download/yallist-2.1.2.tgz?cache=0&sync_timestamp=1569874223546&other_urls=https%3A%2F%2Fregistry.npm.taobao.org%2Fyallist%2Fdownload%2Fyallist-2.1.2.tgz#1c11f9218f076089a47dd512f93c6699a6a81d52"
  integrity sha1-HBH5IY8HYImkfdUS+TxmmaaoHVI=

zlibjs@^0.3.1:
  version "0.3.1"
  resolved "https://registry.npm.taobao.org/zlibjs/download/zlibjs-0.3.1.tgz#50197edb28a1c42ca659cc8b4e6a9ddd6d444554"
  integrity sha1-UBl+2yihxCymWcyLTmqd3W1ERVQ=
