# THIS IS AN AUTOGENERATED FILE. DO NOT EDIT THIS FILE DIRECTLY.
# yarn lockfile v1


opentype.js@^0.7.3:
  version "0.7.3"
  resolved "https://registry.npm.taobao.org/opentype.js/download/opentype.js-0.7.3.tgz#40fb8ce18bfd60e74448efdfe442834098397aab"
  integrity sha1-QPuM4Yv9YOdESO/f5EKDQJg5eqs=
  dependencies:
    tiny-inflate "^1.0.2"

svg-captcha@^1.4.0:
  version "1.4.0"
  resolved "https://registry.npm.taobao.org/svg-captcha/download/svg-captcha-1.4.0.tgz#32ead3c6463936c218bb3bc9ed04fea4eeffe492"
  integrity sha1-MurTxkY5NsIYuzvJ7QT+pO7/5JI=
  dependencies:
    opentype.js "^0.7.3"

tiny-inflate@^1.0.2:
  version "1.0.3"
  resolved "https://registry.npm.taobao.org/tiny-inflate/download/tiny-inflate-1.0.3.tgz#122715494913a1805166aaf7c93467933eea26c4"
  integrity sha1-EicVSUkToYBRZqr3yTRnkz7qJsQ=
